
Microsoft Visual Studio Solution File, Format Version 12.00
# Visual Studio Version 17
VisualStudioVersion = 17.3.32922.545
MinimumVisualStudioVersion = 10.0.40219.1
Project("{9A19103F-16F7-4668-BE54-9A1E7A4F7556}") = "WebShopDemo", "WebShopDemo\WebShopDemo.csproj", "{8194EA20-2BEB-42AB-9C87-E80A47415128}"
EndProject
Project("{9A19103F-16F7-4668-BE54-9A1E7A4F7556}") = "WebShopDemo.Core", "WebShopDemo.Core\WebShopDemo.Core.csproj", "{964122C3-1289-4668-9D31-07B9EFDC0980}"
EndProject
Project("{9A19103F-16F7-4668-BE54-9A1E7A4F7556}") = "WebShopDemo.Api", "WebShopDemo.Api\WebShopDemo.Api.csproj", "{A4BCC8EC-A6E5-4442-B559-D2D3523CA411}"
EndProject
Project("{9A19103F-16F7-4668-BE54-9A1E7A4F7556}") = "WebShopDemo.Grps", "WebShopDemo.Grps\WebShopDemo.Grps.csproj", "{C7DFC93E-C0B9-4A25-8FA2-55E462E549A6}"
EndProject
Global
	GlobalSection(SolutionConfigurationPlatforms) = preSolution
		Debug|Any CPU = Debug|Any CPU
		Release|Any CPU = Release|Any CPU
	EndGlobalSection
	GlobalSection(ProjectConfigurationPlatforms) = postSolution
		{8194EA20-2BEB-42AB-9C87-E80A47415128}.Debug|Any CPU.ActiveCfg = Debug|Any CPU
		{8194EA20-2BEB-42AB-9C87-E80A47415128}.Debug|Any CPU.Build.0 = Debug|Any CPU
		{8194EA20-2BEB-42AB-9C87-E80A47415128}.Release|Any CPU.ActiveCfg = Release|Any CPU
		{8194EA20-2BEB-42AB-9C87-E80A47415128}.Release|Any CPU.Build.0 = Release|Any CPU
		{964122C3-1289-4668-9D31-07B9EFDC0980}.Debug|Any CPU.ActiveCfg = Debug|Any CPU
		{964122C3-1289-4668-9D31-07B9EFDC0980}.Debug|Any CPU.Build.0 = Debug|Any CPU
		{964122C3-1289-4668-9D31-07B9EFDC0980}.Release|Any CPU.ActiveCfg = Release|Any CPU
		{964122C3-1289-4668-9D31-07B9EFDC0980}.Release|Any CPU.Build.0 = Release|Any CPU
		{A4BCC8EC-A6E5-4442-B559-D2D3523CA411}.Debug|Any CPU.ActiveCfg = Debug|Any CPU
		{A4BCC8EC-A6E5-4442-B559-D2D3523CA411}.Debug|Any CPU.Build.0 = Debug|Any CPU
		{A4BCC8EC-A6E5-4442-B559-D2D3523CA411}.Release|Any CPU.ActiveCfg = Release|Any CPU
		{A4BCC8EC-A6E5-4442-B559-D2D3523CA411}.Release|Any CPU.Build.0 = Release|Any CPU
		{C7DFC93E-C0B9-4A25-8FA2-55E462E549A6}.Debug|Any CPU.ActiveCfg = Debug|Any CPU
		{C7DFC93E-C0B9-4A25-8FA2-55E462E549A6}.Debug|Any CPU.Build.0 = Debug|Any CPU
		{C7DFC93E-C0B9-4A25-8FA2-55E462E549A6}.Release|Any CPU.ActiveCfg = Release|Any CPU
		{C7DFC93E-C0B9-4A25-8FA2-55E462E549A6}.Release|Any CPU.Build.0 = Release|Any CPU
	EndGlobalSection
	GlobalSection(SolutionProperties) = preSolution
		HideSolutionNode = FALSE
	EndGlobalSection
	GlobalSection(ExtensibilityGlobals) = postSolution
		SolutionGuid = {BD0265A8-A22E-474E-BEAC-10583428DD5B}
	EndGlobalSection
EndGlobal
