
Microsoft Visual Studio Solution File, Format Version 12.00
# Visual Studio Version 16
VisualStudioVersion = 16.0.31911.196
MinimumVisualStudioVersion = 10.0.40219.1
Project("{FAE04EC0-301F-11D3-BF4B-00C04F79EFBC}") = "CounterStrike", "ConsoleApp2\CounterStrike.csproj", "{DB263087-A471-490D-B7A1-6801858A9220}"
EndProject
Global
	GlobalSection(SolutionConfigurationPlatforms) = preSolution
		Debug|Any CPU = Debug|Any CPU
		Release|Any CPU = Release|Any CPU
	EndGlobalSection
	GlobalSection(ProjectConfigurationPlatforms) = postSolution
		{DB263087-A471-490D-B7A1-6801858A9220}.Debug|Any CPU.ActiveCfg = Debug|Any CPU
		{DB263087-A471-490D-B7A1-6801858A9220}.Debug|Any CPU.Build.0 = Debug|Any CPU
		{DB263087-A471-490D-B7A1-6801858A9220}.Release|Any CPU.ActiveCfg = Release|Any CPU
		{DB263087-A471-490D-B7A1-6801858A9220}.Release|Any CPU.Build.0 = Release|Any CPU
	EndGlobalSection
	GlobalSection(SolutionProperties) = preSolution
		HideSolutionNode = FALSE
	EndGlobalSection
	GlobalSection(ExtensibilityGlobals) = postSolution
		SolutionGuid = {9DD42E5D-7EF2-420F-8637-8DA0D28E7A31}
	EndGlobalSection
EndGlobal
